lockfileVersion: '9.0'

settings:
  autoInstallPeers: true
  excludeLinksFromLockfile: false

importers:

  .:
    devDependencies:
      '@catppuccin/daisyui':
        specifier: ^2.1.1
        version: 2.1.1(tailwindcss@4.1.11)
      daisyui:
        specifier: ^5.0.43
        version: 5.0.46
      tailwindcss:
        specifier: ^4.1.10
        version: 4.1.11

packages:

  '@catppuccin/daisyui@2.1.1':
    resolution: {integrity: sha512-PrZttjj8kwfDBJ34sR+DN25Xtjvxx4T5p8uu/iiGYZR8UOsNwzMlO/alYDBwwTOLzP1NKLNRax09kCT39+QM+A==}
    peerDependencies:
      tailwindcss: ^4.0.17

  '@catppuccin/palette@1.7.1':
    resolution: {integrity: sha512-aRc1tbzrevOTV7nFTT9SRdF26w/MIwT4Jwt4fDMc9itRZUDXCuEDBLyz4TQMlqO9ZP8mf5Hu4Jr6D03NLFc6Gw==}

  daisyui@5.0.46:
    resolution: {integrity: sha512-vMDZK1tI/bOb2Mc3Mk5WpquBG3ZqBz1YKZ0xDlvpOvey60dOS4/5Qhdowq1HndbQl7PgDLDYysxAjjUjwR7/eQ==}

  tailwindcss@4.1.11:
    resolution: {integrity: sha512-2E9TBm6MDD/xKYe+dvJZAmg3yxIEDNRc0jwlNyDg/4Fil2QcSLjFKGVff0lAf1jjeaArlG/M75Ey/EYr/OJtBA==}

snapshots:

  '@catppuccin/daisyui@2.1.1(tailwindcss@4.1.11)':
    dependencies:
      '@catppuccin/palette': 1.7.1
      tailwindcss: 4.1.11

  '@catppuccin/palette@1.7.1': {}

  daisyui@5.0.46: {}

  tailwindcss@4.1.11: {}
