lockfileVersion: '9.0'

settings:
  autoInstallPeers: true
  excludeLinksFromLockfile: false

importers:

  .:
    dependencies:
      daisyui:
        specifier: ^5.0.43
        version: 5.0.43
      tailwindcss:
        specifier: ^4.1.10
        version: 4.1.10

packages:

  daisyui@5.0.43:
    resolution: {integrity: sha512-2pshHJ73vetSpsbAyaOncGnNYL0mwvgseS1EWy1I9Qpw8D11OuBoDNIWrPIME4UFcq2xuff3A9x+eXbuFR9fUQ==}

  tailwindcss@4.1.10:
    resolution: {integrity: sha512-P3nr6WkvKV/ONsTzj6Gb57sWPMX29EPNPopo7+FcpkQaNsrNpZ1pv8QmrYI2RqEKD7mlGqLnGovlcYnBK0IqUA==}

snapshots:

  daisyui@5.0.43: {}

  tailwindcss@4.1.10: {}
